
Microsoft Visual Studio Solution File, Format Version 12.00
# Visual Studio Version 16
VisualStudioVersion = 16.0.31105.61
MinimumVisualStudioVersion = 10.0.40219.1
Project("{FAE04EC0-301F-11D3-BF4B-00C04F79EFBC}") = "NetCoreMVCOptions5601", "NetCoreMVCOptions5601\NetCoreMVCOptions5601.csproj", "{57324B7F-D076-45A5-83E0-7A3557A079A2}"
EndProject
Global
	GlobalSection(SolutionConfigurationPlatforms) = preSolution
		Debug|Any CPU = Debug|Any CPU
		Release|Any CPU = Release|Any CPU
	EndGlobalSection
	GlobalSection(ProjectConfigurationPlatforms) = postSolution
		{57324B7F-D076-45A5-83E0-7A3557A079A2}.Debug|Any CPU.ActiveCfg = Debug|Any CPU
		{57324B7F-D076-45A5-83E0-7A3557A079A2}.Debug|Any CPU.Build.0 = Debug|Any CPU
		{57324B7F-D076-45A5-83E0-7A3557A079A2}.Release|Any CPU.ActiveCfg = Release|Any CPU
		{57324B7F-D076-45A5-83E0-7A3557A079A2}.Release|Any CPU.Build.0 = Release|Any CPU
	EndGlobalSection
	GlobalSection(SolutionProperties) = preSolution
		HideSolutionNode = FALSE
	EndGlobalSection
	GlobalSection(ExtensibilityGlobals) = postSolution
		SolutionGuid = {A9A479E7-9718-4489-B96B-A85B69298297}
	EndGlobalSection
EndGlobal
